
Microsoft Visual Studio Solution File, Format Version 12.00
# Visual Studio Version 16
VisualStudioVersion = 16.0.31624.102
MinimumVisualStudioVersion = 10.0.40219.1
Project("{FAE04EC0-301F-11D3-BF4B-00C04F79EFBC}") = "WDBParser", "WDBParser\WDBParser.csproj", "{722C5DD9-FD94-4C63-A28C-D81A8C4238CE}"
EndProject
Global
	GlobalSection(SolutionConfigurationPlatforms) = preSolution
		Debug|Any CPU = Debug|Any CPU
		Release|Any CPU = Release|Any CPU
	EndGlobalSection
	GlobalSection(ProjectConfigurationPlatforms) = postSolution
		{722C5DD9-FD94-4C63-A28C-D81A8C4238CE}.Debug|Any CPU.ActiveCfg = Debug|Any CPU
		{722C5DD9-FD94-4C63-A28C-D81A8C4238CE}.Debug|Any CPU.Build.0 = Debug|Any CPU
		{722C5DD9-FD94-4C63-A28C-D81A8C4238CE}.Release|Any CPU.ActiveCfg = Release|Any CPU
		{722C5DD9-FD94-4C63-A28C-D81A8C4238CE}.Release|Any CPU.Build.0 = Release|Any CPU
	EndGlobalSection
	GlobalSection(SolutionProperties) = preSolution
		HideSolutionNode = FALSE
	EndGlobalSection
	GlobalSection(ExtensibilityGlobals) = postSolution
		SolutionGuid = {086F6ECE-F448-498D-98B1-680D5657FD13}
	EndGlobalSection
EndGlobal
